github.com/takashabe/workspace-sandbox/multi/shop v0.0.0-20211209070359-15eb49e79d7e h1:Nwx48F7XRmhWwZvQKNFfQagarM9BIb2H00TRhpNc8BU=
github.com/takashabe/workspace-sandbox/multi/shop v0.0.0-20211209070359-15eb49e79d7e/go.mod h1:r7r96axdd10eG6bYKFD4WalF/ajTTw18XRneh5Nr0jY=
github.com/takashabe/workspace-sandbox/workspace/shop v0.0.0-20211209053201-28973bd3875a h1:azP+ICYO+c9T1FbuYmmMXs38FLyO/XjpRiTv2FKhFm8=
github.com/takashabe/workspace-sandbox/workspace/shop v0.0.0-20211209053201-28973bd3875a/go.mod h1:w9l7f/9yc4+3hp0B3miXlTj/bHAi8GYNfEnhyFNeXQI=
